// !$*UTF8*$!
{
	archiveVersion = 1;
	classes = {
	};
	objectVersion = 50;
	objects = {

/* Begin PBXBuildFile section */
		CEC7CDAD256FA0440015FE70 /* AppDelegate.swift in Sources */ = {isa = PBXBuildFile; fileRef = CEC7CDAC256FA0440015FE70 /* AppDelegate.swift */; };
		CEC7CDAF256FA0440015FE70 /* SceneDelegate.swift in Sources */ = {isa = PBXBuildFile; fileRef = CEC7CDAE256FA0440015FE70 /* SceneDelegate.swift */; };
		CEC7CDB1256FA0440015FE70 /* ViewController.swift in Sources */ = {isa = PBXBuildFile; fileRef = CEC7CDB0256FA0440015FE70 /* ViewController.swift */; };
		CEC7CDB4256FA0440015FE70 /* Main.storyboard in Resources */ = {isa = PBXBuildFile; fileRef = CEC7CDB2256FA0440015FE70 /* Main.storyboard */; };
		CEC7CDB6256FA0480015FE70 /* Assets.xcassets in Resources */ = {isa = PBXBuildFile; fileRef = CEC7CDB5256FA0480015FE70 /* Assets.xcassets */; };
		CEC7CDB9256FA0480015FE70 /* LaunchScreen.storyboard in Resources */ = {isa = PBXBuildFile; fileRef = CEC7CDB7256FA0480015FE70 /* LaunchScreen.storyboard */; };
		CEC7CDC2256FA4AE0015FE70 /* SignlnViewController.swift in Sources */ = {isa = PBXBuildFile; fileRef = CEC7CDC1256FA4AE0015FE70 /* SignlnViewController.swift */; };
		CEC7CDC5256FB3940015FE70 /* CandyViewController.swift in Sources */ = {isa = PBXBuildFile; fileRef = CEC7CDC4256FB3940015FE70 /* CandyViewController.swift */; };
/* End PBXBuildFile section */

/* Begin PBXFileReference section */
		CEC7CDA9256FA0440015FE70 /* anime0.app */ = {isa = PBXFileReference; explicitFileType = wrapper.application; includeInIndex = 0; path = anime0.app; sourceTree = BUILT_PRODUCTS_DIR; };
		CEC7CDAC256FA0440015FE70 /* AppDelegate.swift */ = {isa = PBXFileReference; lastKnownFileType = sourcecode.swift; path = AppDelegate.swift; sourceTree = "<group>"; };
		CEC7CDAE256FA0440015FE70 /* SceneDelegate.swift */ = {isa = PBXFileReference; lastKnownFileType = sourcecode.swift; path = SceneDelegate.swift; sourceTree = "<group>"; };
		CEC7CDB0256FA0440015FE70 /* ViewController.swift */ = {isa = PBXFileReference; lastKnownFileType = sourcecode.swift; path = ViewController.swift; sourceTree = "<group>"; };
		CEC7CDB3256FA0440015FE70 /* Base */ = {isa = PBXFileReference; lastKnownFileType = file.storyboard; name = Base; path = Base.lproj/Main.storyboard; sourceTree = "<group>"; };
		CEC7CDB5256FA0480015FE70 /* Assets.xcassets */ = {isa = PBXFileReference; lastKnownFileType = folder.assetcatalog; path = Assets.xcassets; sourceTree = "<group>"; };
		CEC7CDB8256FA0480015FE70 /* Base */ = {isa = PBXFileReference; lastKnownFileType = file.storyboard; name = Base; path = Base.lproj/LaunchScreen.storyboard; sourceTree = "<group>"; };
		CEC7CDBA256FA0480015FE70 /* Info.plist */ = {isa = PBXFileReference; lastKnownFileType = text.plist.xml; path = Info.plist; sourceTree = "<group>"; };
		CEC7CDC1256FA4AE0015FE70 /* SignlnViewController.swift */ = {isa = PBXFileReference; lastKnownFileType = sourcecode.swift; path = SignlnViewController.swift; sourceTree = "<group>"; };
		CEC7CDC4256FB3940015FE70 /* CandyViewController.swift */ = {isa = PBXFileReference; lastKnownFileType = sourcecode.swift; path = CandyViewController.swift; sourceTree = "<group>"; };
/* End PBXFileReference section */

/* Begin PBXFrameworksBuildPhase section */
		CEC7CDA6256FA0440015FE70 /* Frameworks */ = {
			isa = PBXFrameworksBuildPhase;
			buildActionMask = 2147483647;
			files = (
			);
			runOnlyForDeploymentPostprocessing = 0;
		};
/* End PBXFrameworksBuildPhase section */

/* Begin PBXGroup section */
		CEC7CDA0256FA0440015FE70 = {
			isa = PBXGroup;
			children = (
				CEC7CDAB256FA0440015FE70 /* anime0 */,
				CEC7CDAA256FA0440015FE70 /* Products */,
			);
			sourceTree = "<group>";
		};
		CEC7CDAA256FA0440015FE70 /* Products */ = {
			isa = PBXGroup;
			children = (
				CEC7CDA9256FA0440015FE70 /* anime0.app */,
			);
			name = Products;
			sourceTree = "<group>";
		};
		CEC7CDAB256FA0440015FE70 /* anime0 */ = {
			isa = PBXGroup;
			children = (
				CEC7CDAC256FA0440015FE70 /* AppDelegate.swift */,
				CEC7CDAE256FA0440015FE70 /* SceneDelegate.swift */,
				CEC7CDB0256FA0440015FE70 /* ViewController.swift */,
				CEC7CDB2256FA0440015FE70 /* Main.storyboard */,
				CEC7CDC4256FB3940015FE70 /* CandyViewController.swift */,
				CEC7CDC1256FA4AE0015FE70 /* SignlnViewController.swift */,
				CEC7CDB5256FA0480015FE70 /* Assets.xcassets */,
				CEC7CDB7256FA0480015FE70 /* LaunchScreen.storyboard */,
				CEC7CDBA256FA0480015FE70 /* Info.plist */,
			);
			path = anime0;
			sourceTree = "<group>";
		};
/* End PBXGroup section */

/* Begin PBXNativeTarget section */
		CEC7CDA8256FA0440015FE70 /* anime0 */ = {
			isa = PBXNativeTarget;
			buildConfigurationList = CEC7CDBD256FA0480015FE70 /* Build configuration list for PBXNativeTarget "anime0" */;
			buildPhases = (
				CEC7CDA5256FA0440015FE70 /* Sources */,
				CEC7CDA6256FA0440015FE70 /* Frameworks */,
				CEC7CDA7256FA0440015FE70 /* Resources */,
			);
			buildRules = (
			);
			dependencies = (
			);
			name = anime0;
			productName = anime0;
			productReference = CEC7CDA9256FA0440015FE70 /* anime0.app */;
			productType = "com.apple.product-type.application";
		};
/* End PBXNativeTarget section */

/* Begin PBXProject section */
		CEC7CDA1256FA0440015FE70 /* Project object */ = {
			isa = PBXProject;
			attributes = {
				LastSwiftUpdateCheck = 1210;
				LastUpgradeCheck = 1210;
				TargetAttributes = {
					CEC7CDA8256FA0440015FE70 = {
						CreatedOnToolsVersion = 12.1;
					};
				};
			};
			buildConfigurationList = CEC7CDA4256FA0440015FE70 /* Build configuration list for PBXProject "anime0" */;
			compatibilityVersion = "Xcode 9.3";
			developmentRegion = en;
			hasScannedForEncodings = 0;
			knownRegions = (
				en,
				Base,
			);
			mainGroup = CEC7CDA0256FA0440015FE70;
			productRefGroup = CEC7CDAA256FA0440015FE70 /* Products */;
			projectDirPath = "";
			projectRoot = "";
			targets = (
				CEC7CDA8256FA0440015FE70 /* anime0 */,
			);
		};
/* End PBXProject section */

/* Begin PBXResourcesBuildPhase section */
		CEC7CDA7256FA0440015FE70 /* Resources */ = {
			isa = PBXResourcesBuildPhase;
			buildActionMask = 2147483647;
			files = (
				CEC7CDB9256FA0480015FE70 /* LaunchScreen.storyboard in Resources */,
				CEC7CDB6256FA0480015FE70 /* Assets.xcassets in Resources */,
				CEC7CDB4256FA0440015FE70 /* Main.storyboard in Resources */,
			);
			runOnlyForDeploymentPostprocessing = 0;
		};
/* End PBXResourcesBuildPhase section */

/* Begin PBXSourcesBuildPhase section */
		CEC7CDA5256FA0440015FE70 /* Sources */ = {
			isa = PBXSourcesBuildPhase;
			buildActionMask = 2147483647;
			files = (
				CEC7CDC5256FB3940015FE70 /* CandyViewController.swift in Sources */,
				CEC7CDB1256FA0440015FE70 /* ViewController.swift in Sources */,
				CEC7CDAD256FA0440015FE70 /* AppDelegate.swift in Sources */,
				CEC7CDAF256FA0440015FE70 /* SceneDelegate.swift in Sources */,
				CEC7CDC2256FA4AE0015FE70 /* SignlnViewController.swift in Sources */,
			);
			runOnlyForDeploymentPostprocessing = 0;
		};
/* End PBXSourcesBuildPhase section */

/* Begin PBXVariantGroup section */
		CEC7CDB2256FA0440015FE70 /* Main.storyboard */ = {
			isa = PBXVariantGroup;
			children = (
				CEC7CDB3256FA0440015FE70 /* Base */,
			);
			name = Main.storyboard;
			sourceTree = "<group>";
		};
		CEC7CDB7256FA0480015FE70 /* LaunchScreen.storyboard */ = {
			isa = PBXVariantGroup;
			children = (
				CEC7CDB8256FA0480015FE70 /* Base */,
			);
			name = LaunchScreen.storyboard;
			sourceTree = "<group>";
		};
/* End PBXVariantGroup section */

/* Begin XCBuildConfiguration section */
		CEC7CDBB256FA0480015FE70 /* Debug */ = {
			isa = XCBuildConfiguration;
			buildSettings = {
				ALWAYS_SEARCH_USER_PATHS = NO;
				CLANG_ANALYZER_NONNULL = YES;
				CLANG_ANALYZER_NUMBER_OBJECT_CONVERSION = YES_AGGRESSIVE;
				CLANG_CXX_LANGUAGE_STANDARD = "gnu++14";
				CLANG_CXX_LIBRARY = "libc++";
				CLANG_ENABLE_MODULES = YES;
				CLANG_ENABLE_OBJC_ARC = YES;
				CLANG_ENABLE_OBJC_WEAK = YES;
				CLANG_WARN_BLOCK_CAPTURE_AUTORELEASING = YES;
				CLANG_WARN_BOOL_CONVERSION = YES;
				CLANG_WARN_COMMA = YES;
				CLANG_WARN_CONSTANT_CONVERSION = YES;
				CLANG_WARN_DEPRECATED_OBJC_IMPLEMENTATIONS = YES;
				CLANG_WARN_DIRECT_OBJC_ISA_USAGE = YES_ERROR;
				CLANG_WARN_DOCUMENTATION_COMMENTS = YES;
				CLANG_WARN_EMPTY_BODY = YES;
				CLANG_WARN_ENUM_CONVERSION = YES;
				CLANG_WARN_INFINITE_RECURSION = YES;
				CLANG_WARN_INT_CONVERSION = YES;
				CLANG_WARN_NON_LITERAL_NULL_CONVERSION = YES;
				CLANG_WARN_OBJC_IMPLICIT_RETAIN_SELF = YES;
				CLANG_WARN_OBJC_LITERAL_CONVERSION = YES;
				CLANG_WARN_OBJC_ROOT_CLASS = YES_ERROR;
				CLANG_WARN_QUOTED_INCLUDE_IN_FRAMEWORK_HEADER = YES;
				CLANG_WARN_RANGE_LOOP_ANALYSIS = YES;
				CLANG_WARN_STRICT_PROTOTYPES = YES;
				CLANG_WARN_SUSPICIOUS_MOVE = YES;
				CLANG_WARN_UNGUARDED_AVAILABILITY = YES_AGGRESSIVE;
				CLANG_WARN_UNREACHABLE_CODE = YES;
				CLANG_WARN__DUPLICATE_METHOD_MATCH = YES;
				COPY_PHASE_STRIP = NO;
				DEBUG_INFORMATION_FORMAT = dwarf;
				ENABLE_STRICT_OBJC_MSGSEND = YES;
				ENABLE_TESTABILITY = YES;
				GCC_C_LANGUAGE_STANDARD = gnu11;
				GCC_DYNAMIC_NO_PIC = NO;
				GCC_NO_COMMON_BLOCKS = YES;
				GCC_OPTIMIZATION_LEVEL = 0;
				GCC_PREPROCESSOR_DEFINITIONS = (
					"DEBUG=1",
					"$(inherited)",
				);
				GCC_WARN_64_TO_32_BIT_CONVERSION = YES;
				GCC_WARN_ABOUT_RETURN_TYPE = YES_ERROR;
				GCC_WARN_UNDECLARED_SELECTOR = YES;
				GCC_WARN_UNINITIALIZED_AUTOS = YES_AGGRESSIVE;
				GCC_WARN_UNUSED_FUNCTION = YES;
				GCC_WARN_UNUSED_VARIABLE = YES;
				IPHONEOS_DEPLOYMENT_TARGET = 14.1;
				MTL_ENABLE_DEBUG_INFO = INCLUDE_SOURCE;
				MTL_FAST_MATH = YES;
				ONLY_ACTIVE_ARCH = YES;
				SDKROOT = iphoneos;
				SWIFT_ACTIVE_COMPILATION_CONDITIONS = DEBUG;
				SWIFT_OPTIMIZATION_LEVEL = "-Onone";
			};
			name = Debug;
		};
		CEC7CDBC256FA0480015FE70 /* Release */ = {
			isa = XCBuildConfiguration;
			buildSettings = {
				ALWAYS_SEARCH_USER_PATHS = NO;
				CLANG_ANALYZER_NONNULL = YES;
				CLANG_ANALYZER_NUMBER_OBJECT_CONVERSION = YES_AGGRESSIVE;
				CLANG_CXX_LANGUAGE_STANDARD = "gnu++14";
				CLANG_CXX_LIBRARY = "libc++";
				CLANG_ENABLE_MODULES = YES;
				CLANG_ENABLE_OBJC_ARC = YES;
				CLANG_ENABLE_OBJC_WEAK = YES;
				CLANG_WARN_BLOCK_CAPTURE_AUTORELEASING = YES;
				CLANG_WARN_BOOL_CONVERSION = YES;
				CLANG_WARN_COMMA = YES;
				CLANG_WARN_CONSTANT_CONVERSION = YES;
				CLANG_WARN_DEPRECATED_OBJC_IMPLEMENTATIONS = YES;
				CLANG_WARN_DIRECT_OBJC_ISA_USAGE = YES_ERROR;
				CLANG_WARN_DOCUMENTATION_COMMENTS = YES;
				CLANG_WARN_EMPTY_BODY = YES;
				CLANG_WARN_ENUM_CONVERSION = YES;
				CLANG_WARN_INFINITE_RECURSION = YES;
				CLANG_WARN_INT_CONVERSION = YES;
				CLANG_WARN_NON_LITERAL_NULL_CONVERSION = YES;
				CLANG_WARN_OBJC_IMPLICIT_RETAIN_SELF = YES;
				CLANG_WARN_OBJC_LITERAL_CONVERSION = YES;
				CLANG_WARN_OBJC_ROOT_CLASS = YES_ERROR;
				CLANG_WARN_QUOTED_INCLUDE_IN_FRAMEWORK_HEADER = YES;
				CLANG_WARN_RANGE_LOOP_ANALYSIS = YES;
				CLANG_WARN_STRICT_PROTOTYPES = YES;
				CLANG_WARN_SUSPICIOUS_MOVE = YES;
				CLANG_WARN_UNGUARDED_AVAILABILITY = YES_AGGRESSIVE;
				CLANG_WARN_UNREACHABLE_CODE = YES;
				CLANG_WARN__DUPLICATE_METHOD_MATCH = YES;
				COPY_PHASE_STRIP = NO;
				DEBUG_INFORMATION_FORMAT = "dwarf-with-dsym";
				ENABLE_NS_ASSERTIONS = NO;
				ENABLE_STRICT_OBJC_MSGSEND = YES;
				GCC_C_LANGUAGE_STANDARD = gnu11;
				GCC_NO_COMMON_BLOCKS = YES;
				GCC_WARN_64_TO_32_BIT_CONVERSION = YES;
				GCC_WARN_ABOUT_RETURN_TYPE = YES_ERROR;
				GCC_WARN_UNDECLARED_SELECTOR = YES;
				GCC_WARN_UNINITIALIZED_AUTOS = YES_AGGRESSIVE;
				GCC_WARN_UNUSED_FUNCTION = YES;
				GCC_WARN_UNUSED_VARIABLE = YES;
				IPHONEOS_DEPLOYMENT_TARGET = 14.1;
				MTL_ENABLE_DEBUG_INFO = NO;
				MTL_FAST_MATH = YES;
				SDKROOT = iphoneos;
				SWIFT_COMPILATION_MODE = wholemodule;
				SWIFT_OPTIMIZATION_LEVEL = "-O";
				VALIDATE_PRODUCT = YES;
			};
			name = Release;
		};
		CEC7CDBE256FA0480015FE70 /* Debug */ = {
			isa = XCBuildConfiguration;
			buildSettings = {
				ASSETCATALOG_COMPILER_APPICON_NAME = AppIcon;
				ASSETCATALOG_COMPILER_GLOBAL_ACCENT_COLOR_NAME = AccentColor;
				CODE_SIGN_STYLE = Automatic;
				INFOPLIST_FILE = anime0/Info.plist;
				LD_RUNPATH_SEARCH_PATHS = (
					"$(inherited)",
					"@executable_path/Frameworks",
				);
				PRODUCT_BUNDLE_IDENTIFIER = ru.Mars.anime0;
				PRODUCT_NAME = "$(TARGET_NAME)";
				SWIFT_VERSION = 5.0;
				TARGETED_DEVICE_FAMILY = "1,2";
			};
			name = Debug;
		};
		CEC7CDBF256FA0480015FE70 /* Release */ = {
			isa = XCBuildConfiguration;
			buildSettings = {
				ASSETCATALOG_COMPILER_APPICON_NAME = AppIcon;
				ASSETCATALOG_COMPILER_GLOBAL_ACCENT_COLOR_NAME = AccentColor;
				CODE_SIGN_STYLE = Automatic;
				INFOPLIST_FILE = anime0/Info.plist;
				LD_RUNPATH_SEARCH_PATHS = (
					"$(inherited)",
					"@executable_path/Frameworks",
				);
				PRODUCT_BUNDLE_IDENTIFIER = ru.Mars.anime0;
				PRODUCT_NAME = "$(TARGET_NAME)";
				SWIFT_VERSION = 5.0;
				TARGETED_DEVICE_FAMILY = "1,2";
			};
			name = Release;
		};
/* End XCBuildConfiguration section */

/* Begin XCConfigurationList section */
		CEC7CDA4256FA0440015FE70 /* Build configuration list for PBXProject "anime0" */ = {
			isa = XCConfigurationList;
			buildConfigurations = (
				CEC7CDBB256FA0480015FE70 /* Debug */,
				CEC7CDBC256FA0480015FE70 /* Release */,
			);
			defaultConfigurationIsVisible = 0;
			defaultConfigurationName = Release;
		};
		CEC7CDBD256FA0480015FE70 /* Build configuration list for PBXNativeTarget "anime0" */ = {
			isa = XCConfigurationList;
			buildConfigurations = (
				CEC7CDBE256FA0480015FE70 /* Debug */,
				CEC7CDBF256FA0480015FE70 /* Release */,
			);
			defaultConfigurationIsVisible = 0;
			defaultConfigurationName = Release;
		};
/* End XCConfigurationList section */
	};
	rootObject = CEC7CDA1256FA0440015FE70 /* Project object */;
}
